// !$*UTF8*$!
{
	archiveVersion = 1;
	classes = {
	};
	objectVersion = 56;
	objects = {

/* Begin PBXBuildFile section */
		041873F22CF14B8900E6AEDF /* SplitView.swift in Sources */ = {isa = PBXBuildFile; fileRef = 041873F12CF14B8900E6AEDF /* SplitView.swift */; };
		041873F42CF14DF700E6AEDF /* CustomizeSplitView.swift in Sources */ = {isa = PBXBuildFile; fileRef = 041873F32CF14DF700E6AEDF /* CustomizeSplitView.swift */; };
		041873F62CF150BF00E6AEDF /* ModalViewFromTabView.swift in Sources */ = {isa = PBXBuildFile; fileRef = 041873F52CF150BF00E6AEDF /* ModalViewFromTabView.swift */; };
		044EAB702CE7AC2500D00F22 /* HackerNewsApp.swift in Sources */ = {isa = PBXBuildFile; fileRef = 044EAB6F2CE7AC2500D00F22 /* HackerNewsApp.swift */; };
		044EAB722CE7AC2500D00F22 /* ContentView.swift in Sources */ = {isa = PBXBuildFile; fileRef = 044EAB712CE7AC2500D00F22 /* ContentView.swift */; };
		044EAB742CE7AC2600D00F22 /* Assets.xcassets in Resources */ = {isa = PBXBuildFile; fileRef = 044EAB732CE7AC2600D00F22 /* Assets.xcassets */; };
		044EAB772CE7AC2600D00F22 /* Preview Assets.xcassets in Resources */ = {isa = PBXBuildFile; fileRef = 044EAB762CE7AC2600D00F22 /* Preview Assets.xcassets */; };
		044EAB7E2CE7AC7D00D00F22 /* DetailView.swift in Sources */ = {isa = PBXBuildFile; fileRef = 044EAB7D2CE7AC7D00D00F22 /* DetailView.swift */; };
		044EAB822CE7ACB500D00F22 /* PostData.swift in Sources */ = {isa = PBXBuildFile; fileRef = 044EAB812CE7ACB500D00F22 /* PostData.swift */; };
		044EAB842CE7ACDA00D00F22 /* NetworkManager.swift in Sources */ = {isa = PBXBuildFile; fileRef = 044EAB832CE7ACDA00D00F22 /* NetworkManager.swift */; };
		044EAB952CECA55C00D00F22 /* fun.swift in Sources */ = {isa = PBXBuildFile; fileRef = 044EAB942CECA55C00D00F22 /* fun.swift */; };
/* End PBXBuildFile section */

/* Begin PBXFileReference section */
		041873F12CF14B8900E6AEDF /* SplitView.swift */ = {isa = PBXFileReference; lastKnownFileType = sourcecode.swift; path = SplitView.swift; sourceTree = "<group>"; };
		041873F32CF14DF700E6AEDF /* CustomizeSplitView.swift */ = {isa = PBXFileReference; lastKnownFileType = sourcecode.swift; path = CustomizeSplitView.swift; sourceTree = "<group>"; };
		041873F52CF150BF00E6AEDF /* ModalViewFromTabView.swift */ = {isa = PBXFileReference; lastKnownFileType = sourcecode.swift; path = ModalViewFromTabView.swift; sourceTree = "<group>"; };
		044EAB6C2CE7AC2500D00F22 /* HackerNews.app */ = {isa = PBXFileReference; explicitFileType = wrapper.application; includeInIndex = 0; path = HackerNews.app; sourceTree = BUILT_PRODUCTS_DIR; };
		044EAB6F2CE7AC2500D00F22 /* HackerNewsApp.swift */ = {isa = PBXFileReference; lastKnownFileType = sourcecode.swift; path = HackerNewsApp.swift; sourceTree = "<group>"; };
		044EAB712CE7AC2500D00F22 /* ContentView.swift */ = {isa = PBXFileReference; lastKnownFileType = sourcecode.swift; path = ContentView.swift; sourceTree = "<group>"; };
		044EAB732CE7AC2600D00F22 /* Assets.xcassets */ = {isa = PBXFileReference; lastKnownFileType = folder.assetcatalog; path = Assets.xcassets; sourceTree = "<group>"; };
		044EAB762CE7AC2600D00F22 /* Preview Assets.xcassets */ = {isa = PBXFileReference; lastKnownFileType = folder.assetcatalog; path = "Preview Assets.xcassets"; sourceTree = "<group>"; };
		044EAB7D2CE7AC7D00D00F22 /* DetailView.swift */ = {isa = PBXFileReference; lastKnownFileType = sourcecode.swift; path = DetailView.swift; sourceTree = "<group>"; };
		044EAB812CE7ACB500D00F22 /* PostData.swift */ = {isa = PBXFileReference; lastKnownFileType = sourcecode.swift; path = PostData.swift; sourceTree = "<group>"; };
		044EAB832CE7ACDA00D00F22 /* NetworkManager.swift */ = {isa = PBXFileReference; lastKnownFileType = sourcecode.swift; path = NetworkManager.swift; sourceTree = "<group>"; };
		044EAB942CECA55C00D00F22 /* fun.swift */ = {isa = PBXFileReference; lastKnownFileType = sourcecode.swift; path = fun.swift; sourceTree = "<group>"; };
/* End PBXFileReference section */

/* Begin PBXFrameworksBuildPhase section */
		044EAB692CE7AC2500D00F22 /* Frameworks */ = {
			isa = PBXFrameworksBuildPhase;
			buildActionMask = 2147483647;
			files = (
			);
			runOnlyForDeploymentPostprocessing = 0;
		};
/* End PBXFrameworksBuildPhase section */

/* Begin PBXGroup section */
		044EAB632CE7AC2500D00F22 = {
			isa = PBXGroup;
			children = (
				044EAB6E2CE7AC2500D00F22 /* HackerNews */,
				044EAB6D2CE7AC2500D00F22 /* Products */,
			);
			sourceTree = "<group>";
		};
		044EAB6D2CE7AC2500D00F22 /* Products */ = {
			isa = PBXGroup;
			children = (
				044EAB6C2CE7AC2500D00F22 /* HackerNews.app */,
			);
			name = Products;
			sourceTree = "<group>";
		};
		044EAB6E2CE7AC2500D00F22 /* HackerNews */ = {
			isa = PBXGroup;
			children = (
				044EAB6F2CE7AC2500D00F22 /* HackerNewsApp.swift */,
				044EAB712CE7AC2500D00F22 /* ContentView.swift */,
				044EAB7D2CE7AC7D00D00F22 /* DetailView.swift */,
				044EAB942CECA55C00D00F22 /* fun.swift */,
				044EAB732CE7AC2600D00F22 /* Assets.xcassets */,
				044EAB752CE7AC2600D00F22 /* Preview Content */,
				044EAB812CE7ACB500D00F22 /* PostData.swift */,
				044EAB832CE7ACDA00D00F22 /* NetworkManager.swift */,
				041873F12CF14B8900E6AEDF /* SplitView.swift */,
				041873F32CF14DF700E6AEDF /* CustomizeSplitView.swift */,
				041873F52CF150BF00E6AEDF /* ModalViewFromTabView.swift */,
			);
			path = HackerNews;
			sourceTree = "<group>";
		};
		044EAB752CE7AC2600D00F22 /* Preview Content */ = {
			isa = PBXGroup;
			children = (
				044EAB762CE7AC2600D00F22 /* Preview Assets.xcassets */,
			);
			path = "Preview Content";
			sourceTree = "<group>";
		};
/* End PBXGroup section */

/* Begin PBXNativeTarget section */
		044EAB6B2CE7AC2500D00F22 /* HackerNews */ = {
			isa = PBXNativeTarget;
			buildConfigurationList = 044EAB7A2CE7AC2600D00F22 /* Build configuration list for PBXNativeTarget "HackerNews" */;
			buildPhases = (
				044EAB682CE7AC2500D00F22 /* Sources */,
				044EAB692CE7AC2500D00F22 /* Frameworks */,
				044EAB6A2CE7AC2500D00F22 /* Resources */,
			);
			buildRules = (
			);
			dependencies = (
			);
			name = HackerNews;
			productName = HackerNews;
			productReference = 044EAB6C2CE7AC2500D00F22 /* HackerNews.app */;
			productType = "com.apple.product-type.application";
		};
/* End PBXNativeTarget section */

/* Begin PBXProject section */
		044EAB642CE7AC2500D00F22 /* Project object */ = {
			isa = PBXProject;
			attributes = {
				BuildIndependentTargetsInParallel = 1;
				LastSwiftUpdateCheck = 1540;
				LastUpgradeCheck = 1540;
				TargetAttributes = {
					044EAB6B2CE7AC2500D00F22 = {
						CreatedOnToolsVersion = 15.4;
					};
				};
			};
			buildConfigurationList = 044EAB672CE7AC2500D00F22 /* Build configuration list for PBXProject "HackerNews" */;
			compatibilityVersion = "Xcode 14.0";
			developmentRegion = en;
			hasScannedForEncodings = 0;
			knownRegions = (
				en,
				Base,
			);
			mainGroup = 044EAB632CE7AC2500D00F22;
			productRefGroup = 044EAB6D2CE7AC2500D00F22 /* Products */;
			projectDirPath = "";
			projectRoot = "";
			targets = (
				044EAB6B2CE7AC2500D00F22 /* HackerNews */,
			);
		};
/* End PBXProject section */

/* Begin PBXResourcesBuildPhase section */
		044EAB6A2CE7AC2500D00F22 /* Resources */ = {
			isa = PBXResourcesBuildPhase;
			buildActionMask = 2147483647;
			files = (
				044EAB772CE7AC2600D00F22 /* Preview Assets.xcassets in Resources */,
				044EAB742CE7AC2600D00F22 /* Assets.xcassets in Resources */,
			);
			runOnlyForDeploymentPostprocessing = 0;
		};
/* End PBXResourcesBuildPhase section */

/* Begin PBXSourcesBuildPhase section */
		044EAB682CE7AC2500D00F22 /* Sources */ = {
			isa = PBXSourcesBuildPhase;
			buildActionMask = 2147483647;
			files = (
				044EAB722CE7AC2500D00F22 /* ContentView.swift in Sources */,
				041873F22CF14B8900E6AEDF /* SplitView.swift in Sources */,
				044EAB822CE7ACB500D00F22 /* PostData.swift in Sources */,
				044EAB842CE7ACDA00D00F22 /* NetworkManager.swift in Sources */,
				041873F62CF150BF00E6AEDF /* ModalViewFromTabView.swift in Sources */,
				044EAB7E2CE7AC7D00D00F22 /* DetailView.swift in Sources */,
				041873F42CF14DF700E6AEDF /* CustomizeSplitView.swift in Sources */,
				044EAB702CE7AC2500D00F22 /* HackerNewsApp.swift in Sources */,
				044EAB952CECA55C00D00F22 /* fun.swift in Sources */,
			);
			runOnlyForDeploymentPostprocessing = 0;
		};
/* End PBXSourcesBuildPhase section */

/* Begin XCBuildConfiguration section */
		044EAB782CE7AC2600D00F22 /* Debug */ = {
			isa = XCBuildConfiguration;
			buildSettings = {
				ALWAYS_SEARCH_USER_PATHS = NO;
				ASSETCATALOG_COMPILER_GENERATE_SWIFT_ASSET_SYMBOL_EXTENSIONS = YES;
				CLANG_ANALYZER_NONNULL = YES;
				CLANG_ANALYZER_NUMBER_OBJECT_CONVERSION = YES_AGGRESSIVE;
				CLANG_CXX_LANGUAGE_STANDARD = "gnu++20";
				CLANG_ENABLE_MODULES = YES;
				CLANG_ENABLE_OBJC_ARC = YES;
				CLANG_ENABLE_OBJC_WEAK = YES;
				CLANG_WARN_BLOCK_CAPTURE_AUTORELEASING = YES;
				CLANG_WARN_BOOL_CONVERSION = YES;
				CLANG_WARN_COMMA = YES;
				CLANG_WARN_CONSTANT_CONVERSION = YES;
				CLANG_WARN_DEPRECATED_OBJC_IMPLEMENTATIONS = YES;
				CLANG_WARN_DIRECT_OBJC_ISA_USAGE = YES_ERROR;
				CLANG_WARN_DOCUMENTATION_COMMENTS = YES;
				CLANG_WARN_EMPTY_BODY = YES;
				CLANG_WARN_ENUM_CONVERSION = YES;
				CLANG_WARN_INFINITE_RECURSION = YES;
				CLANG_WARN_INT_CONVERSION = YES;
				CLANG_WARN_NON_LITERAL_NULL_CONVERSION = YES;
				CLANG_WARN_OBJC_IMPLICIT_RETAIN_SELF = YES;
				CLANG_WARN_OBJC_LITERAL_CONVERSION = YES;
				CLANG_WARN_OBJC_ROOT_CLASS = YES_ERROR;
				CLANG_WARN_QUOTED_INCLUDE_IN_FRAMEWORK_HEADER = YES;
				CLANG_WARN_RANGE_LOOP_ANALYSIS = YES;
				CLANG_WARN_STRICT_PROTOTYPES = YES;
				CLANG_WARN_SUSPICIOUS_MOVE = YES;
				CLANG_WARN_UNGUARDED_AVAILABILITY = YES_AGGRESSIVE;
				CLANG_WARN_UNREACHABLE_CODE = YES;
				CLANG_WARN__DUPLICATE_METHOD_MATCH = YES;
				COPY_PHASE_STRIP = NO;
				DEBUG_INFORMATION_FORMAT = dwarf;
				ENABLE_STRICT_OBJC_MSGSEND = YES;
				ENABLE_TESTABILITY = YES;
				ENABLE_USER_SCRIPT_SANDBOXING = YES;
				GCC_C_LANGUAGE_STANDARD = gnu17;
				GCC_DYNAMIC_NO_PIC = NO;
				GCC_NO_COMMON_BLOCKS = YES;
				GCC_OPTIMIZATION_LEVEL = 0;
				GCC_PREPROCESSOR_DEFINITIONS = (
					"DEBUG=1",
					"$(inherited)",
				);
				GCC_WARN_64_TO_32_BIT_CONVERSION = YES;
				GCC_WARN_ABOUT_RETURN_TYPE = YES_ERROR;
				GCC_WARN_UNDECLARED_SELECTOR = YES;
				GCC_WARN_UNINITIALIZED_AUTOS = YES_AGGRESSIVE;
				GCC_WARN_UNUSED_FUNCTION = YES;
				GCC_WARN_UNUSED_VARIABLE = YES;
				IPHONEOS_DEPLOYMENT_TARGET = 17.5;
				LOCALIZATION_PREFERS_STRING_CATALOGS = YES;
				MTL_ENABLE_DEBUG_INFO = INCLUDE_SOURCE;
				MTL_FAST_MATH = YES;
				ONLY_ACTIVE_ARCH = YES;
				SDKROOT = iphoneos;
				SWIFT_ACTIVE_COMPILATION_CONDITIONS = "DEBUG $(inherited)";
				SWIFT_OPTIMIZATION_LEVEL = "-Onone";
			};
			name = Debug;
		};
		044EAB792CE7AC2600D00F22 /* Release */ = {
			isa = XCBuildConfiguration;
			buildSettings = {
				ALWAYS_SEARCH_USER_PATHS = NO;
				ASSETCATALOG_COMPILER_GENERATE_SWIFT_ASSET_SYMBOL_EXTENSIONS = YES;
				CLANG_ANALYZER_NONNULL = YES;
				CLANG_ANALYZER_NUMBER_OBJECT_CONVERSION = YES_AGGRESSIVE;
				CLANG_CXX_LANGUAGE_STANDARD = "gnu++20";
				CLANG_ENABLE_MODULES = YES;
				CLANG_ENABLE_OBJC_ARC = YES;
				CLANG_ENABLE_OBJC_WEAK = YES;
				CLANG_WARN_BLOCK_CAPTURE_AUTORELEASING = YES;
				CLANG_WARN_BOOL_CONVERSION = YES;
				CLANG_WARN_COMMA = YES;
				CLANG_WARN_CONSTANT_CONVERSION = YES;
				CLANG_WARN_DEPRECATED_OBJC_IMPLEMENTATIONS = YES;
				CLANG_WARN_DIRECT_OBJC_ISA_USAGE = YES_ERROR;
				CLANG_WARN_DOCUMENTATION_COMMENTS = YES;
				CLANG_WARN_EMPTY_BODY = YES;
				CLANG_WARN_ENUM_CONVERSION = YES;
				CLANG_WARN_INFINITE_RECURSION = YES;
				CLANG_WARN_INT_CONVERSION = YES;
				CLANG_WARN_NON_LITERAL_NULL_CONVERSION = YES;
				CLANG_WARN_OBJC_IMPLICIT_RETAIN_SELF = YES;
				CLANG_WARN_OBJC_LITERAL_CONVERSION = YES;
				CLANG_WARN_OBJC_ROOT_CLASS = YES_ERROR;
				CLANG_WARN_QUOTED_INCLUDE_IN_FRAMEWORK_HEADER = YES;
				CLANG_WARN_RANGE_LOOP_ANALYSIS = YES;
				CLANG_WARN_STRICT_PROTOTYPES = YES;
				CLANG_WARN_SUSPICIOUS_MOVE = YES;
				CLANG_WARN_UNGUARDED_AVAILABILITY = YES_AGGRESSIVE;
				CLANG_WARN_UNREACHABLE_CODE = YES;
				CLANG_WARN__DUPLICATE_METHOD_MATCH = YES;
				COPY_PHASE_STRIP = NO;
				DEBUG_INFORMATION_FORMAT = "dwarf-with-dsym";
				ENABLE_NS_ASSERTIONS = NO;
				ENABLE_STRICT_OBJC_MSGSEND = YES;
				ENABLE_USER_SCRIPT_SANDBOXING = YES;
				GCC_C_LANGUAGE_STANDARD = gnu17;
				GCC_NO_COMMON_BLOCKS = YES;
				GCC_WARN_64_TO_32_BIT_CONVERSION = YES;
				GCC_WARN_ABOUT_RETURN_TYPE = YES_ERROR;
				GCC_WARN_UNDECLARED_SELECTOR = YES;
				GCC_WARN_UNINITIALIZED_AUTOS = YES_AGGRESSIVE;
				GCC_WARN_UNUSED_FUNCTION = YES;
				GCC_WARN_UNUSED_VARIABLE = YES;
				IPHONEOS_DEPLOYMENT_TARGET = 17.5;
				LOCALIZATION_PREFERS_STRING_CATALOGS = YES;
				MTL_ENABLE_DEBUG_INFO = NO;
				MTL_FAST_MATH = YES;
				SDKROOT = iphoneos;
				SWIFT_COMPILATION_MODE = wholemodule;
				VALIDATE_PRODUCT = YES;
			};
			name = Release;
		};
		044EAB7B2CE7AC2600D00F22 /* Debug */ = {
			isa = XCBuildConfiguration;
			buildSettings = {
				ASSETCATALOG_COMPILER_APPICON_NAME = AppIcon;
				ASSETCATALOG_COMPILER_GLOBAL_ACCENT_COLOR_NAME = AccentColor;
				CODE_SIGN_STYLE = Automatic;
				CURRENT_PROJECT_VERSION = 1;
				DEVELOPMENT_ASSET_PATHS = "\"HackerNews/Preview Content\"";
				ENABLE_PREVIEWS = YES;
				GENERATE_INFOPLIST_FILE = YES;
				INFOPLIST_KEY_UIApplicationSceneManifest_Generation = YES;
				INFOPLIST_KEY_UIApplicationSupportsIndirectInputEvents = YES;
				INFOPLIST_KEY_UILaunchScreen_Generation = YES;
				INFOPLIST_KEY_UISupportedInterfaceOrientations_iPad = "UIInterfaceOrientationPortrait UIInterfaceOrientationPortraitUpsideDown UIInterfaceOrientationLandscapeLeft UIInterfaceOrientationLandscapeRight";
				INFOPLIST_KEY_UISupportedInterfaceOrientations_iPhone = "UIInterfaceOrientationPortrait UIInterfaceOrientationLandscapeLeft UIInterfaceOrientationLandscapeRight";
				LD_RUNPATH_SEARCH_PATHS = (
					"$(inherited)",
					"@executable_path/Frameworks",
				);
				MARKETING_VERSION = 1.0;
				PRODUCT_BUNDLE_IDENTIFIER = co.Abubakar.HackerNews;
				PRODUCT_NAME = "$(TARGET_NAME)";
				SWIFT_EMIT_LOC_STRINGS = YES;
				SWIFT_VERSION = 5.0;
				TARGETED_DEVICE_FAMILY = "1,2";
			};
			name = Debug;
		};
		044EAB7C2CE7AC2600D00F22 /* Release */ = {
			isa = XCBuildConfiguration;
			buildSettings = {
				ASSETCATALOG_COMPILER_APPICON_NAME = AppIcon;
				ASSETCATALOG_COMPILER_GLOBAL_ACCENT_COLOR_NAME = AccentColor;
				CODE_SIGN_STYLE = Automatic;
				CURRENT_PROJECT_VERSION = 1;
				DEVELOPMENT_ASSET_PATHS = "\"HackerNews/Preview Content\"";
				ENABLE_PREVIEWS = YES;
				GENERATE_INFOPLIST_FILE = YES;
				INFOPLIST_KEY_UIApplicationSceneManifest_Generation = YES;
				INFOPLIST_KEY_UIApplicationSupportsIndirectInputEvents = YES;
				INFOPLIST_KEY_UILaunchScreen_Generation = YES;
				INFOPLIST_KEY_UISupportedInterfaceOrientations_iPad = "UIInterfaceOrientationPortrait UIInterfaceOrientationPortraitUpsideDown UIInterfaceOrientationLandscapeLeft UIInterfaceOrientationLandscapeRight";
				INFOPLIST_KEY_UISupportedInterfaceOrientations_iPhone = "UIInterfaceOrientationPortrait UIInterfaceOrientationLandscapeLeft UIInterfaceOrientationLandscapeRight";
				LD_RUNPATH_SEARCH_PATHS = (
					"$(inherited)",
					"@executable_path/Frameworks",
				);
				MARKETING_VERSION = 1.0;
				PRODUCT_BUNDLE_IDENTIFIER = co.Abubakar.HackerNews;
				PRODUCT_NAME = "$(TARGET_NAME)";
				SWIFT_EMIT_LOC_STRINGS = YES;
				SWIFT_VERSION = 5.0;
				TARGETED_DEVICE_FAMILY = "1,2";
			};
			name = Release;
		};
/* End XCBuildConfiguration section */

/* Begin XCConfigurationList section */
		044EAB672CE7AC2500D00F22 /* Build configuration list for PBXProject "HackerNews" */ = {
			isa = XCConfigurationList;
			buildConfigurations = (
				044EAB782CE7AC2600D00F22 /* Debug */,
				044EAB792CE7AC2600D00F22 /* Release */,
			);
			defaultConfigurationIsVisible = 0;
			defaultConfigurationName = Release;
		};
		044EAB7A2CE7AC2600D00F22 /* Build configuration list for PBXNativeTarget "HackerNews" */ = {
			isa = XCConfigurationList;
			buildConfigurations = (
				044EAB7B2CE7AC2600D00F22 /* Debug */,
				044EAB7C2CE7AC2600D00F22 /* Release */,
			);
			defaultConfigurationIsVisible = 0;
			defaultConfigurationName = Release;
		};
/* End XCConfigurationList section */
	};
	rootObject = 044EAB642CE7AC2500D00F22 /* Project object */;
}
